
Microsoft Visual Studio Solution File, Format Version 12.00
# Visual Studio Version 17
VisualStudioVersion = 17.3.32825.248
MinimumVisualStudioVersion = 10.0.40219.1
Project("{FAE04EC0-301F-11D3-BF4B-00C04F79EFBC}") = "CrudUbicaciones_MSM_TIDSM4A", "CrudUbicaciones_MSM_TIDSM4A.csproj", "{53E5AD06-9FDD-4077-A9CD-1DB53A582823}"
EndProject
Project("{FAE04EC0-301F-11D3-BF4B-00C04F79EFBC}") = "BLL", "..\BLL\BLL.csproj", "{73CEC020-A6B7-4C22-B34D-82E8252D8D82}"
EndProject
Project("{FAE04EC0-301F-11D3-BF4B-00C04F79EFBC}") = "DAL", "..\DAL\DAL.csproj", "{2E3FF7BD-557D-415E-AAAE-A1910EB631FE}"
EndProject
Global
	GlobalSection(SolutionConfigurationPlatforms) = preSolution
		Debug|Any CPU = Debug|Any CPU
		Release|Any CPU = Release|Any CPU
	EndGlobalSection
	GlobalSection(ProjectConfigurationPlatforms) = postSolution
		{53E5AD06-9FDD-4077-A9CD-1DB53A582823}.Debug|Any CPU.ActiveCfg = Debug|Any CPU
		{53E5AD06-9FDD-4077-A9CD-1DB53A582823}.Debug|Any CPU.Build.0 = Debug|Any CPU
		{53E5AD06-9FDD-4077-A9CD-1DB53A582823}.Release|Any CPU.ActiveCfg = Release|Any CPU
		{53E5AD06-9FDD-4077-A9CD-1DB53A582823}.Release|Any CPU.Build.0 = Release|Any CPU
		{73CEC020-A6B7-4C22-B34D-82E8252D8D82}.Debug|Any CPU.ActiveCfg = Debug|Any CPU
		{73CEC020-A6B7-4C22-B34D-82E8252D8D82}.Debug|Any CPU.Build.0 = Debug|Any CPU
		{73CEC020-A6B7-4C22-B34D-82E8252D8D82}.Release|Any CPU.ActiveCfg = Release|Any CPU
		{73CEC020-A6B7-4C22-B34D-82E8252D8D82}.Release|Any CPU.Build.0 = Release|Any CPU
		{2E3FF7BD-557D-415E-AAAE-A1910EB631FE}.Debug|Any CPU.ActiveCfg = Debug|Any CPU
		{2E3FF7BD-557D-415E-AAAE-A1910EB631FE}.Debug|Any CPU.Build.0 = Debug|Any CPU
		{2E3FF7BD-557D-415E-AAAE-A1910EB631FE}.Release|Any CPU.ActiveCfg = Release|Any CPU
		{2E3FF7BD-557D-415E-AAAE-A1910EB631FE}.Release|Any CPU.Build.0 = Release|Any CPU
	EndGlobalSection
	GlobalSection(SolutionProperties) = preSolution
		HideSolutionNode = FALSE
	EndGlobalSection
	GlobalSection(ExtensibilityGlobals) = postSolution
		SolutionGuid = {1DB0BF19-1F12-4B17-A0C5-67963A48B204}
	EndGlobalSection
EndGlobal
